// !$*UTF8*$!
{
	archiveVersion = 1;
	classes = {
	};
	objectVersion = 46;
	objects = {

/* Begin PBXBuildFile section */
		B373558D1A1A6BFF00D34729 /* Foundation.framework in Frameworks */ = {isa = PBXBuildFile; fileRef = B373558C1A1A6BFF00D34729 /* Foundation.framework */; };
		B373558F1A1A6BFF00D34729 /* CoreGraphics.framework in Frameworks */ = {isa = PBXBuildFile; fileRef = B373558E1A1A6BFF00D34729 /* CoreGraphics.framework */; };
		B37355911A1A6BFF00D34729 /* UIKit.framework in Frameworks */ = {isa = PBXBuildFile; fileRef = B37355901A1A6BFF00D34729 /* UIKit.framework */; };
		B37355971A1A6BFF00D34729 /* InfoPlist.strings in Resources */ = {isa = PBXBuildFile; fileRef = B37355951A1A6BFF00D34729 /* InfoPlist.strings */; };
		B37355991A1A6BFF00D34729 /* main.m in Sources */ = {isa = PBXBuildFile; fileRef = B37355981A1A6BFF00D34729 /* main.m */; };
		B373559D1A1A6BFF00D34729 /* AppDelegate.m in Sources */ = {isa = PBXBuildFile; fileRef = B373559C1A1A6BFF00D34729 /* AppDelegate.m */; };
		B37355A01A1A6BFF00D34729 /* Main.storyboard in Resources */ = {isa = PBXBuildFile; fileRef = B373559E1A1A6BFF00D34729 /* Main.storyboard */; };
		B37355A31A1A6BFF00D34729 /* ViewController.m in Sources */ = {isa = PBXBuildFile; fileRef = B37355A21A1A6BFF00D34729 /* ViewController.m */; };
		B37355A51A1A6BFF00D34729 /* Images.xcassets in Resources */ = {isa = PBXBuildFile; fileRef = B37355A41A1A6BFF00D34729 /* Images.xcassets */; };
		B37355AC1A1A6BFF00D34729 /* XCTest.framework in Frameworks */ = {isa = PBXBuildFile; fileRef = B37355AB1A1A6BFF00D34729 /* XCTest.framework */; };
		B37355AD1A1A6BFF00D34729 /* Foundation.framework in Frameworks */ = {isa = PBXBuildFile; fileRef = B373558C1A1A6BFF00D34729 /* Foundation.framework */; };
		B37355AE1A1A6BFF00D34729 /* UIKit.framework in Frameworks */ = {isa = PBXBuildFile; fileRef = B37355901A1A6BFF00D34729 /* UIKit.framework */; };
		B37355B61A1A6BFF00D34729 /* InfoPlist.strings in Resources */ = {isa = PBXBuildFile; fileRef = B37355B41A1A6BFF00D34729 /* InfoPlist.strings */; };
		B37355B81A1A6BFF00D34729 /* MyTabControllerTests.m in Sources */ = {isa = PBXBuildFile; fileRef = B37355B71A1A6BFF00D34729 /* MyTabControllerTests.m */; };
/* End PBXBuildFile section */

/* Begin PBXContainerItemProxy section */
		B37355AF1A1A6BFF00D34729 /* PBXContainerItemProxy */ = {
			isa = PBXContainerItemProxy;
			containerPortal = B37355811A1A6BFF00D34729 /* Project object */;
			proxyType = 1;
			remoteGlobalIDString = B37355881A1A6BFF00D34729;
			remoteInfo = MyTabController;
		};
/* End PBXContainerItemProxy section */

/* Begin PBXFileReference section */
		B37355891A1A6BFF00D34729 /* MyTabController.app */ = {isa = PBXFileReference; explicitFileType = wrapper.application; includeInIndex = 0; path = MyTabController.app; sourceTree = BUILT_PRODUCTS_DIR; };
		B373558C1A1A6BFF00D34729 /* Foundation.framework */ = {isa = PBXFileReference; lastKnownFileType = wrapper.framework; name = Foundation.framework; path = System/Library/Frameworks/Foundation.framework; sourceTree = SDKROOT; };
		B373558E1A1A6BFF00D34729 /* CoreGraphics.framework */ = {isa = PBXFileReference; lastKnownFileType = wrapper.framework; name = CoreGraphics.framework; path = System/Library/Frameworks/CoreGraphics.framework; sourceTree = SDKROOT; };
		B37355901A1A6BFF00D34729 /* UIKit.framework */ = {isa = PBXFileReference; lastKnownFileType = wrapper.framework; name = UIKit.framework; path = System/Library/Frameworks/UIKit.framework; sourceTree = SDKROOT; };
		B37355941A1A6BFF00D34729 /* MyTabController-Info.plist */ = {isa = PBXFileReference; lastKnownFileType = text.plist.xml; path = "MyTabController-Info.plist"; sourceTree = "<group>"; };
		B37355961A1A6BFF00D34729 /* en */ = {isa = PBXFileReference; lastKnownFileType = text.plist.strings; name = en; path = en.lproj/InfoPlist.strings; sourceTree = "<group>"; };
		B37355981A1A6BFF00D34729 /* main.m */ = {isa = PBXFileReference; lastKnownFileType = sourcecode.c.objc; path = main.m; sourceTree = "<group>"; };
		B373559A1A1A6BFF00D34729 /* MyTabController-Prefix.pch */ = {isa = PBXFileReference; lastKnownFileType = sourcecode.c.h; path = "MyTabController-Prefix.pch"; sourceTree = "<group>"; };
		B373559B1A1A6BFF00D34729 /* AppDelegate.h */ = {isa = PBXFileReference; lastKnownFileType = sourcecode.c.h; path = AppDelegate.h; sourceTree = "<group>"; };
		B373559C1A1A6BFF00D34729 /* AppDelegate.m */ = {isa = PBXFileReference; lastKnownFileType = sourcecode.c.objc; path = AppDelegate.m; sourceTree = "<group>"; };
		B373559F1A1A6BFF00D34729 /* Base */ = {isa = PBXFileReference; lastKnownFileType = file.storyboard; name = Base; path = Base.lproj/Main.storyboard; sourceTree = "<group>"; };
		B37355A11A1A6BFF00D34729 /* ViewController.h */ = {isa = PBXFileReference; lastKnownFileType = sourcecode.c.h; path = ViewController.h; sourceTree = "<group>"; };
		B37355A21A1A6BFF00D34729 /* ViewController.m */ = {isa = PBXFileReference; lastKnownFileType = sourcecode.c.objc; path = ViewController.m; sourceTree = "<group>"; };
		B37355A41A1A6BFF00D34729 /* Images.xcassets */ = {isa = PBXFileReference; lastKnownFileType = folder.assetcatalog; path = Images.xcassets; sourceTree = "<group>"; };
		B37355AA1A1A6BFF00D34729 /* MyTabControllerTests.xctest */ = {isa = PBXFileReference; explicitFileType = wrapper.cfbundle; includeInIndex = 0; path = MyTabControllerTests.xctest; sourceTree = BUILT_PRODUCTS_DIR; };
		B37355AB1A1A6BFF00D34729 /* XCTest.framework */ = {isa = PBXFileReference; lastKnownFileType = wrapper.framework; name = XCTest.framework; path = Library/Frameworks/XCTest.framework; sourceTree = DEVELOPER_DIR; };
		B37355B31A1A6BFF00D34729 /* MyTabControllerTests-Info.plist */ = {isa = PBXFileReference; lastKnownFileType = text.plist.xml; path = "MyTabControllerTests-Info.plist"; sourceTree = "<group>"; };
		B37355B51A1A6BFF00D34729 /* en */ = {isa = PBXFileReference; lastKnownFileType = text.plist.strings; name = en; path = en.lproj/InfoPlist.strings; sourceTree = "<group>"; };
		B37355B71A1A6BFF00D34729 /* MyTabControllerTests.m */ = {isa = PBXFileReference; lastKnownFileType = sourcecode.c.objc; path = MyTabControllerTests.m; sourceTree = "<group>"; };
/* End PBXFileReference section */

/* Begin PBXFrameworksBuildPhase section */
		B37355861A1A6BFF00D34729 /* Frameworks */ = {
			isa = PBXFrameworksBuildPhase;
			buildActionMask = 2147483647;
			files = (
				B373558F1A1A6BFF00D34729 /* CoreGraphics.framework in Frameworks */,
				B37355911A1A6BFF00D34729 /* UIKit.framework in Frameworks */,
				B373558D1A1A6BFF00D34729 /* Foundation.framework in Frameworks */,
			);
			runOnlyForDeploymentPostprocessing = 0;
		};
		B37355A71A1A6BFF00D34729 /* Frameworks */ = {
			isa = PBXFrameworksBuildPhase;
			buildActionMask = 2147483647;
			files = (
				B37355AC1A1A6BFF00D34729 /* XCTest.framework in Frameworks */,
				B37355AE1A1A6BFF00D34729 /* UIKit.framework in Frameworks */,
				B37355AD1A1A6BFF00D34729 /* Foundation.framework in Frameworks */,
			);
			runOnlyForDeploymentPostprocessing = 0;
		};
/* End PBXFrameworksBuildPhase section */

/* Begin PBXGroup section */
		B37355801A1A6BFF00D34729 = {
			isa = PBXGroup;
			children = (
				B37355921A1A6BFF00D34729 /* MyTabController */,
				B37355B11A1A6BFF00D34729 /* MyTabControllerTests */,
				B373558B1A1A6BFF00D34729 /* Frameworks */,
				B373558A1A1A6BFF00D34729 /* Products */,
			);
			sourceTree = "<group>";
		};
		B373558A1A1A6BFF00D34729 /* Products */ = {
			isa = PBXGroup;
			children = (
				B37355891A1A6BFF00D34729 /* MyTabController.app */,
				B37355AA1A1A6BFF00D34729 /* MyTabControllerTests.xctest */,
			);
			name = Products;
			sourceTree = "<group>";
		};
		B373558B1A1A6BFF00D34729 /* Frameworks */ = {
			isa = PBXGroup;
			children = (
				B373558C1A1A6BFF00D34729 /* Foundation.framework */,
				B373558E1A1A6BFF00D34729 /* CoreGraphics.framework */,
				B37355901A1A6BFF00D34729 /* UIKit.framework */,
				B37355AB1A1A6BFF00D34729 /* XCTest.framework */,
			);
			name = Frameworks;
			sourceTree = "<group>";
		};
		B37355921A1A6BFF00D34729 /* MyTabController */ = {
			isa = PBXGroup;
			children = (
				B373559B1A1A6BFF00D34729 /* AppDelegate.h */,
				B373559C1A1A6BFF00D34729 /* AppDelegate.m */,
				B373559E1A1A6BFF00D34729 /* Main.storyboard */,
				B37355A11A1A6BFF00D34729 /* ViewController.h */,
				B37355A21A1A6BFF00D34729 /* ViewController.m */,
				B37355A41A1A6BFF00D34729 /* Images.xcassets */,
				B37355931A1A6BFF00D34729 /* Supporting Files */,
			);
			path = MyTabController;
			sourceTree = "<group>";
		};
		B37355931A1A6BFF00D34729 /* Supporting Files */ = {
			isa = PBXGroup;
			children = (
				B37355941A1A6BFF00D34729 /* MyTabController-Info.plist */,
				B37355951A1A6BFF00D34729 /* InfoPlist.strings */,
				B37355981A1A6BFF00D34729 /* main.m */,
				B373559A1A1A6BFF00D34729 /* MyTabController-Prefix.pch */,
			);
			name = "Supporting Files";
			sourceTree = "<group>";
		};
		B37355B11A1A6BFF00D34729 /* MyTabControllerTests */ = {
			isa = PBXGroup;
			children = (
				B37355B71A1A6BFF00D34729 /* MyTabControllerTests.m */,
				B37355B21A1A6BFF00D34729 /* Supporting Files */,
			);
			path = MyTabControllerTests;
			sourceTree = "<group>";
		};
		B37355B21A1A6BFF00D34729 /* Supporting Files */ = {
			isa = PBXGroup;
			children = (
				B37355B31A1A6BFF00D34729 /* MyTabControllerTests-Info.plist */,
				B37355B41A1A6BFF00D34729 /* InfoPlist.strings */,
			);
			name = "Supporting Files";
			sourceTree = "<group>";
		};
/* End PBXGroup section */

/* Begin PBXNativeTarget section */
		B37355881A1A6BFF00D34729 /* MyTabController */ = {
			isa = PBXNativeTarget;
			buildConfigurationList = B37355BB1A1A6BFF00D34729 /* Build configuration list for PBXNativeTarget "MyTabController" */;
			buildPhases = (
				B37355851A1A6BFF00D34729 /* Sources */,
				B37355861A1A6BFF00D34729 /* Frameworks */,
				B37355871A1A6BFF00D34729 /* Resources */,
			);
			buildRules = (
			);
			dependencies = (
			);
			name = MyTabController;
			productName = MyTabController;
			productReference = B37355891A1A6BFF00D34729 /* MyTabController.app */;
			productType = "com.apple.product-type.application";
		};
		B37355A91A1A6BFF00D34729 /* MyTabControllerTests */ = {
			isa = PBXNativeTarget;
			buildConfigurationList = B37355BE1A1A6BFF00D34729 /* Build configuration list for PBXNativeTarget "MyTabControllerTests" */;
			buildPhases = (
				B37355A61A1A6BFF00D34729 /* Sources */,
				B37355A71A1A6BFF00D34729 /* Frameworks */,
				B37355A81A1A6BFF00D34729 /* Resources */,
			);
			buildRules = (
			);
			dependencies = (
				B37355B01A1A6BFF00D34729 /* PBXTargetDependency */,
			);
			name = MyTabControllerTests;
			productName = MyTabControllerTests;
			productReference = B37355AA1A1A6BFF00D34729 /* MyTabControllerTests.xctest */;
			productType = "com.apple.product-type.bundle.unit-test";
		};
/* End PBXNativeTarget section */

/* Begin PBXProject section */
		B37355811A1A6BFF00D34729 /* Project object */ = {
			isa = PBXProject;
			attributes = {
				LastUpgradeCheck = 0510;
				ORGANIZATIONNAME = AO;
				TargetAttributes = {
					B37355A91A1A6BFF00D34729 = {
						TestTargetID = B37355881A1A6BFF00D34729;
					};
				};
			};
			buildConfigurationList = B37355841A1A6BFF00D34729 /* Build configuration list for PBXProject "MyTabController" */;
			compatibilityVersion = "Xcode 3.2";
			developmentRegion = English;
			hasScannedForEncodings = 0;
			knownRegions = (
				en,
				Base,
			);
			mainGroup = B37355801A1A6BFF00D34729;
			productRefGroup = B373558A1A1A6BFF00D34729 /* Products */;
			projectDirPath = "";
			projectRoot = "";
			targets = (
				B37355881A1A6BFF00D34729 /* MyTabController */,
				B37355A91A1A6BFF00D34729 /* MyTabControllerTests */,
			);
		};
/* End PBXProject section */

/* Begin PBXResourcesBuildPhase section */
		B37355871A1A6BFF00D34729 /* Resources */ = {
			isa = PBXResourcesBuildPhase;
			buildActionMask = 2147483647;
			files = (
				B37355A51A1A6BFF00D34729 /* Images.xcassets in Resources */,
				B37355971A1A6BFF00D34729 /* InfoPlist.strings in Resources */,
				B37355A01A1A6BFF00D34729 /* Main.storyboard in Resources */,
			);
			runOnlyForDeploymentPostprocessing = 0;
		};
		B37355A81A1A6BFF00D34729 /* Resources */ = {
			isa = PBXResourcesBuildPhase;
			buildActionMask = 2147483647;
			files = (
				B37355B61A1A6BFF00D34729 /* InfoPlist.strings in Resources */,
			);
			runOnlyForDeploymentPostprocessing = 0;
		};
/* End PBXResourcesBuildPhase section */

/* Begin PBXSourcesBuildPhase section */
		B37355851A1A6BFF00D34729 /* Sources */ = {
			isa = PBXSourcesBuildPhase;
			buildActionMask = 2147483647;
			files = (
				B37355A31A1A6BFF00D34729 /* ViewController.m in Sources */,
				B373559D1A1A6BFF00D34729 /* AppDelegate.m in Sources */,
				B37355991A1A6BFF00D34729 /* main.m in Sources */,
			);
			runOnlyForDeploymentPostprocessing = 0;
		};
		B37355A61A1A6BFF00D34729 /* Sources */ = {
			isa = PBXSourcesBuildPhase;
			buildActionMask = 2147483647;
			files = (
				B37355B81A1A6BFF00D34729 /* MyTabControllerTests.m in Sources */,
			);
			runOnlyForDeploymentPostprocessing = 0;
		};
/* End PBXSourcesBuildPhase section */

/* Begin PBXTargetDependency section */
		B37355B01A1A6BFF00D34729 /* PBXTargetDependency */ = {
			isa = PBXTargetDependency;
			target = B37355881A1A6BFF00D34729 /* MyTabController */;
			targetProxy = B37355AF1A1A6BFF00D34729 /* PBXContainerItemProxy */;
		};
/* End PBXTargetDependency section */

/* Begin PBXVariantGroup section */
		B37355951A1A6BFF00D34729 /* InfoPlist.strings */ = {
			isa = PBXVariantGroup;
			children = (
				B37355961A1A6BFF00D34729 /* en */,
			);
			name = InfoPlist.strings;
			sourceTree = "<group>";
		};
		B373559E1A1A6BFF00D34729 /* Main.storyboard */ = {
			isa = PBXVariantGroup;
			children = (
				B373559F1A1A6BFF00D34729 /* Base */,
			);
			name = Main.storyboard;
			sourceTree = "<group>";
		};
		B37355B41A1A6BFF00D34729 /* InfoPlist.strings */ = {
			isa = PBXVariantGroup;
			children = (
				B37355B51A1A6BFF00D34729 /* en */,
			);
			name = InfoPlist.strings;
			sourceTree = "<group>";
		};
/* End PBXVariantGroup section */

/* Begin XCBuildConfiguration section */
		B37355B91A1A6BFF00D34729 /* Debug */ = {
			isa = XCBuildConfiguration;
			buildSettings = {
				ALWAYS_SEARCH_USER_PATHS = NO;
				CLANG_CXX_LANGUAGE_STANDARD = "gnu++0x";
				CLANG_CXX_LIBRARY = "libc++";
				CLANG_ENABLE_MODULES = YES;
				CLANG_ENABLE_OBJC_ARC = YES;
				CLANG_WARN_BOOL_CONVERSION = YES;
				CLANG_WARN_CONSTANT_CONVERSION = YES;
				CLANG_WARN_DIRECT_OBJC_ISA_USAGE = YES_ERROR;
				CLANG_WARN_EMPTY_BODY = YES;
				CLANG_WARN_ENUM_CONVERSION = YES;
				CLANG_WARN_INT_CONVERSION = YES;
				CLANG_WARN_OBJC_ROOT_CLASS = YES_ERROR;
				CLANG_WARN__DUPLICATE_METHOD_MATCH = YES;
				"CODE_SIGN_IDENTITY[sdk=iphoneos*]" = "iPhone Developer";
				COPY_PHASE_STRIP = NO;
				GCC_C_LANGUAGE_STANDARD = gnu99;
				GCC_DYNAMIC_NO_PIC = NO;
				GCC_OPTIMIZATION_LEVEL = 0;
				GCC_PREPROCESSOR_DEFINITIONS = (
					"DEBUG=1",
					"$(inherited)",
				);
				GCC_SYMBOLS_PRIVATE_EXTERN = NO;
				GCC_WARN_64_TO_32_BIT_CONVERSION = YES;
				GCC_WARN_ABOUT_RETURN_TYPE = YES_ERROR;
				GCC_WARN_UNDECLARED_SELECTOR = YES;
				GCC_WARN_UNINITIALIZED_AUTOS = YES_AGGRESSIVE;
				GCC_WARN_UNUSED_FUNCTION = YES;
				GCC_WARN_UNUSED_VARIABLE = YES;
				IPHONEOS_DEPLOYMENT_TARGET = 7.1;
				ONLY_ACTIVE_ARCH = YES;
				SDKROOT = iphoneos;
			};
			name = Debug;
		};
		B37355BA1A1A6BFF00D34729 /* Release */ = {
			isa = XCBuildConfiguration;
			buildSettings = {
				ALWAYS_SEARCH_USER_PATHS = NO;
				CLANG_CXX_LANGUAGE_STANDARD = "gnu++0x";
				CLANG_CXX_LIBRARY = "libc++";
				CLANG_ENABLE_MODULES = YES;
				CLANG_ENABLE_OBJC_ARC = YES;
				CLANG_WARN_BOOL_CONVERSION = YES;
				CLANG_WARN_CONSTANT_CONVERSION = YES;
				CLANG_WARN_DIRECT_OBJC_ISA_USAGE = YES_ERROR;
				CLANG_WARN_EMPTY_BODY = YES;
				CLANG_WARN_ENUM_CONVERSION = YES;
				CLANG_WARN_INT_CONVERSION = YES;
				CLANG_WARN_OBJC_ROOT_CLASS = YES_ERROR;
				CLANG_WARN__DUPLICATE_METHOD_MATCH = YES;
				"CODE_SIGN_IDENTITY[sdk=iphoneos*]" = "iPhone Developer";
				COPY_PHASE_STRIP = YES;
				ENABLE_NS_ASSERTIONS = NO;
				GCC_C_LANGUAGE_STANDARD = gnu99;
				GCC_WARN_64_TO_32_BIT_CONVERSION = YES;
				GCC_WARN_ABOUT_RETURN_TYPE = YES_ERROR;
				GCC_WARN_UNDECLARED_SELECTOR = YES;
				GCC_WARN_UNINITIALIZED_AUTOS = YES_AGGRESSIVE;
				GCC_WARN_UNUSED_FUNCTION = YES;
				GCC_WARN_UNUSED_VARIABLE = YES;
				IPHONEOS_DEPLOYMENT_TARGET = 7.1;
				SDKROOT = iphoneos;
				VALIDATE_PRODUCT = YES;
			};
			name = Release;
		};
		B37355BC1A1A6BFF00D34729 /* Debug */ = {
			isa = XCBuildConfiguration;
			buildSettings = {
				ASSETCATALOG_COMPILER_APPICON_NAME = AppIcon;
				ASSETCATALOG_COMPILER_LAUNCHIMAGE_NAME = LaunchImage;
				GCC_PRECOMPILE_PREFIX_HEADER = YES;
				GCC_PREFIX_HEADER = "MyTabController/MyTabController-Prefix.pch";
				INFOPLIST_FILE = "MyTabController/MyTabController-Info.plist";
				PRODUCT_NAME = "$(TARGET_NAME)";
				WRAPPER_EXTENSION = app;
			};
			name = Debug;
		};
		B37355BD1A1A6BFF00D34729 /* Release */ = {
			isa = XCBuildConfiguration;
			buildSettings = {
				ASSETCATALOG_COMPILER_APPICON_NAME = AppIcon;
				ASSETCATALOG_COMPILER_LAUNCHIMAGE_NAME = LaunchImage;
				GCC_PRECOMPILE_PREFIX_HEADER = YES;
				GCC_PREFIX_HEADER = "MyTabController/MyTabController-Prefix.pch";
				INFOPLIST_FILE = "MyTabController/MyTabController-Info.plist";
				PRODUCT_NAME = "$(TARGET_NAME)";
				WRAPPER_EXTENSION = app;
			};
			name = Release;
		};
		B37355BF1A1A6BFF00D34729 /* Debug */ = {
			isa = XCBuildConfiguration;
			buildSettings = {
				BUNDLE_LOADER = "$(BUILT_PRODUCTS_DIR)/MyTabController.app/MyTabController";
				FRAMEWORK_SEARCH_PATHS = (
					"$(SDKROOT)/Developer/Library/Frameworks",
					"$(inherited)",
					"$(DEVELOPER_FRAMEWORKS_DIR)",
				);
				GCC_PRECOMPILE_PREFIX_HEADER = YES;
				GCC_PREFIX_HEADER = "MyTabController/MyTabController-Prefix.pch";
				GCC_PREPROCESSOR_DEFINITIONS = (
					"DEBUG=1",
					"$(inherited)",
				);
				INFOPLIST_FILE = "MyTabControllerTests/MyTabControllerTests-Info.plist";
				PRODUCT_NAME = "$(TARGET_NAME)";
				TEST_HOST = "$(BUNDLE_LOADER)";
				WRAPPER_EXTENSION = xctest;
			};
			name = Debug;
		};
		B37355C01A1A6BFF00D34729 /* Release */ = {
			isa = XCBuildConfiguration;
			buildSettings = {
				BUNDLE_LOADER = "$(BUILT_PRODUCTS_DIR)/MyTabController.app/MyTabController";
				FRAMEWORK_SEARCH_PATHS = (
					"$(SDKROOT)/Developer/Library/Frameworks",
					"$(inherited)",
					"$(DEVELOPER_FRAMEWORKS_DIR)",
				);
				GCC_PRECOMPILE_PREFIX_HEADER = YES;
				GCC_PREFIX_HEADER = "MyTabController/MyTabController-Prefix.pch";
				INFOPLIST_FILE = "MyTabControllerTests/MyTabControllerTests-Info.plist";
				PRODUCT_NAME = "$(TARGET_NAME)";
				TEST_HOST = "$(BUNDLE_LOADER)";
				WRAPPER_EXTENSION = xctest;
			};
			name = Release;
		};
/* End XCBuildConfiguration section */

/* Begin XCConfigurationList section */
		B37355841A1A6BFF00D34729 /* Build configuration list for PBXProject "MyTabController" */ = {
			isa = XCConfigurationList;
			buildConfigurations = (
				B37355B91A1A6BFF00D34729 /* Debug */,
				B37355BA1A1A6BFF00D34729 /* Release */,
			);
			defaultConfigurationIsVisible = 0;
			defaultConfigurationName = Release;
		};
		B37355BB1A1A6BFF00D34729 /* Build configuration list for PBXNativeTarget "MyTabController" */ = {
			isa = XCConfigurationList;
			buildConfigurations = (
				B37355BC1A1A6BFF00D34729 /* Debug */,
				B37355BD1A1A6BFF00D34729 /* Release */,
			);
			defaultConfigurationIsVisible = 0;
		};
		B37355BE1A1A6BFF00D34729 /* Build configuration list for PBXNativeTarget "MyTabControllerTests" */ = {
			isa = XCConfigurationList;
			buildConfigurations = (
				B37355BF1A1A6BFF00D34729 /* Debug */,
				B37355C01A1A6BFF00D34729 /* Release */,
			);
			defaultConfigurationIsVisible = 0;
		};
/* End XCConfigurationList section */
	};
	rootObject = B37355811A1A6BFF00D34729 /* Project object */;
}
